<?xml version="1.0" encoding="utf-8"?>
<Project ToolsVersion="4.0" xmlns="http://schemas.microsoft.com/developer/msbuild/2003">
  <ItemGroup>
    <Filter Include="Archivos de origen">
      <UniqueIdentifier>{4FC737F1-C7A5-4376-A066-2A32D752A2FF}</UniqueIdentifier>
      <Extensions>cpp;c;cc;cxx;c++;cppm;ixx;def;odl;idl;hpj;bat;asm;asmx</Extensions>
    </Filter>
    <Filter Include="Archivos de encabezado">
      <UniqueIdentifier>{93995380-89BD-4b04-88EB-625FBE52EBFB}</UniqueIdentifier>
      <Extensions>h;hh;hpp;hxx;h++;hm;inl;inc;ipp;xsd</Extensions>
    </Filter>
    <Filter Include="Archivos de recursos">
      <UniqueIdentifier>{67DA6AB6-F800-4c08-8B7A-83BB121AAD01}</UniqueIdentifier>
      <Extensions>rc;ico;cur;bmp;dlg;rc2;rct;bin;rgs;gif;jpg;jpeg;jpe;resx;tiff;tif;png;wav;mfcribbon-ms</Extensions>
    </Filter>
    <Filter Include="Archivos de origen\Problemas Resueltos">
      <UniqueIdentifier>{b19644c6-7796-4797-ae92-acfd3fda181f}</UniqueIdentifier>
    </Filter>
    <Filter Include="Archivos de origen\Problemas Resueltos\En Clase">
      <UniqueIdentifier>{a07158db-c1d3-4398-9f87-43d88ff69cd8}</UniqueIdentifier>
    </Filter>
    <Filter Include="Archivos de origen\Problemas Resueltos\Talleres">
      <UniqueIdentifier>{414c5763-f9e7-420a-9b00-4f6ef46483ab}</UniqueIdentifier>
    </Filter>
    <Filter Include="Archivos de origen\Problemas Resueltos\Talleres\Taller 4">
      <UniqueIdentifier>{71445e50-3eaf-4830-9777-609b2df42d8a}</UniqueIdentifier>
    </Filter>
  </ItemGroup>
  <ItemGroup>
    <ClCompile Include="Modelos de Optimización.cpp">
      <Filter>Archivos de origen</Filter>
    </ClCompile>
    <ClCompile Include="entregasCPP.cpp">
      <Filter>Archivos de origen</Filter>
    </ClCompile>
    <ClCompile Include="ProblemasEnClase.cpp">
      <Filter>Archivos de origen\Problemas Resueltos\En Clase</Filter>
    </ClCompile>
    <ClCompile Include="Problema1.cpp">
      <Filter>Archivos de origen\Problemas Resueltos\Talleres\Taller 4</Filter>
    </ClCompile>
  </ItemGroup>
  <ItemGroup>
    <ClInclude Include="funciones.h">
      <Filter>Archivos de origen\Problemas Resueltos</Filter>
    </ClInclude>
  </ItemGroup>
</Project>